
Microsoft Visual Studio Solution File, Format Version 12.00
# Visual Studio Version 17
VisualStudioVersion = 17.2.32630.192
MinimumVisualStudioVersion = 10.0.40219.1
Project("{FAE04EC0-301F-11D3-BF4B-00C04F79EFBC}") = "AddressBookProblem", "AddressBookProblem\AddressBookProblem.csproj", "{EFA0D914-3646-459B-BC8E-E0CEC23F07C5}"
EndProject
Global
	GlobalSection(SolutionConfigurationPlatforms) = preSolution
		Debug|Any CPU = Debug|Any CPU
		Release|Any CPU = Release|Any CPU
	EndGlobalSection
	GlobalSection(ProjectConfigurationPlatforms) = postSolution
		{EFA0D914-3646-459B-BC8E-E0CEC23F07C5}.Debug|Any CPU.ActiveCfg = Debug|Any CPU
		{EFA0D914-3646-459B-BC8E-E0CEC23F07C5}.Debug|Any CPU.Build.0 = Debug|Any CPU
		{EFA0D914-3646-459B-BC8E-E0CEC23F07C5}.Release|Any CPU.ActiveCfg = Release|Any CPU
		{EFA0D914-3646-459B-BC8E-E0CEC23F07C5}.Release|Any CPU.Build.0 = Release|Any CPU
	EndGlobalSection
	GlobalSection(SolutionProperties) = preSolution
		HideSolutionNode = FALSE
	EndGlobalSection
	GlobalSection(ExtensibilityGlobals) = postSolution
		SolutionGuid = {BBB3A94B-AFFA-4FE2-9725-361E99715027}
	EndGlobalSection
EndGlobal
